
Microsoft Visual Studio Solution File, Format Version 12.00
# Visual Studio Version 16
VisualStudioVersion = 16.0.31112.23
MinimumVisualStudioVersion = 10.0.40219.1
Project("{FAE04EC0-301F-11D3-BF4B-00C04F79EFBC}") = "Chapter29", "Chapter29\Chapter29.csproj", "{347D8AAE-10A7-472E-9D85-BA00E4E18A09}"
EndProject
Global
	GlobalSection(SolutionConfigurationPlatforms) = preSolution
		Debug|Any CPU = Debug|Any CPU
		Release|Any CPU = Release|Any CPU
	EndGlobalSection
	GlobalSection(ProjectConfigurationPlatforms) = postSolution
		{347D8AAE-10A7-472E-9D85-BA00E4E18A09}.Debug|Any CPU.ActiveCfg = Debug|Any CPU
		{347D8AAE-10A7-472E-9D85-BA00E4E18A09}.Debug|Any CPU.Build.0 = Debug|Any CPU
		{347D8AAE-10A7-472E-9D85-BA00E4E18A09}.Release|Any CPU.ActiveCfg = Release|Any CPU
		{347D8AAE-10A7-472E-9D85-BA00E4E18A09}.Release|Any CPU.Build.0 = Release|Any CPU
	EndGlobalSection
	GlobalSection(SolutionProperties) = preSolution
		HideSolutionNode = FALSE
	EndGlobalSection
	GlobalSection(ExtensibilityGlobals) = postSolution
		SolutionGuid = {EA34B2BC-BABB-4CD1-8A2D-7C762473935D}
	EndGlobalSection
EndGlobal
