
Microsoft Visual Studio Solution File, Format Version 12.00
# Visual Studio Version 16
VisualStudioVersion = 16.0.31112.23
MinimumVisualStudioVersion = 10.0.40219.1
Project("{FAE04EC0-301F-11D3-BF4B-00C04F79EFBC}") = "Chapter12", "Chapter12\Chapter12.csproj", "{8622D043-7658-49F4-8B2D-608D0E551530}"
EndProject
Global
	GlobalSection(SolutionConfigurationPlatforms) = preSolution
		Debug|Any CPU = Debug|Any CPU
		Release|Any CPU = Release|Any CPU
	EndGlobalSection
	GlobalSection(ProjectConfigurationPlatforms) = postSolution
		{8622D043-7658-49F4-8B2D-608D0E551530}.Debug|Any CPU.ActiveCfg = Debug|Any CPU
		{8622D043-7658-49F4-8B2D-608D0E551530}.Debug|Any CPU.Build.0 = Debug|Any CPU
		{8622D043-7658-49F4-8B2D-608D0E551530}.Release|Any CPU.ActiveCfg = Release|Any CPU
		{8622D043-7658-49F4-8B2D-608D0E551530}.Release|Any CPU.Build.0 = Release|Any CPU
	EndGlobalSection
	GlobalSection(SolutionProperties) = preSolution
		HideSolutionNode = FALSE
	EndGlobalSection
	GlobalSection(ExtensibilityGlobals) = postSolution
		SolutionGuid = {8D5E8B88-30FE-4ED1-8720-2FEDD249CF49}
	EndGlobalSection
EndGlobal
